dependencies:
  espressif/esp-zigbee-lib:
    component_hash: 8e815d149f904b3429100d8735a2ed81dea38caff3e2b5e38e5751ffc0af6d89
    dependencies:
    - name: idf
      require: private
      version: '>=5.0'
    source:
      registry_url: https://components.espressif.com/
      type: service
    version: 2.0.3
  idf:
    source:
      type: idf
    version: 6.0.2
direct_dependencies:
- espressif/esp-zigbee-lib
- idf
manifest_hash: a731997fd05714e4b1461e75ba77b5bfef5b0ec7fb16b0139890e1a38d55bc9c
target: esp32c6
version: 3.0.0
